
Microsoft Visual Studio Solution File, Format Version 12.00
# Visual Studio Version 17
VisualStudioVersion = 17.2.32427.441
MinimumVisualStudioVersion = 10.0.40219.1
Project("{9A19103F-16F7-4668-BE54-9A1E7A4F7556}") = "Latte.Wpf.Sample", "samples\Latte.Wpf.Sample\Latte.Wpf.Sample.csproj", "{522FE451-9061-4EDA-AA7A-D4C424342D30}"
EndProject
Project("{D954291E-2A0B-460D-934E-DC6B0785DB48}") = "Latte.Wpf.Sample.Shared", "samples\Latte.Wpf.Sample.Shared\Latte.Wpf.Sample.Shared.shproj", "{A9C7AB73-6B2E-4BB3-AB03-349695011068}"
EndProject
Project("{D954291E-2A0B-460D-934E-DC6B0785DB48}") = "Latte.Wpf.Shared", "src\Latte.Wpf.Shared\Latte.Wpf.Shared.shproj", "{92947F5D-8BF2-4F00-8C21-01A6F0C74EEF}"
EndProject
Project("{9A19103F-16F7-4668-BE54-9A1E7A4F7556}") = "Latte.Wpf", "src\Latte.Wpf\Latte.Wpf.csproj", "{64A34675-0D20-47E0-B7CA-158EE741EB8B}"
EndProject
Project("{2150E333-8FDC-42A3-9474-1A3956D46DE8}") = "Shared", "Shared", "{8575811A-9F44-4974-B39D-DA848729B77E}"
EndProject
Project("{2150E333-8FDC-42A3-9474-1A3956D46DE8}") = "Executable", "Executable", "{8EE70B47-8749-4040-8A51-8733C713C588}"
EndProject
Global
	GlobalSection(SolutionConfigurationPlatforms) = preSolution
		Debug|Any CPU = Debug|Any CPU
		Release|Any CPU = Release|Any CPU
	EndGlobalSection
	GlobalSection(ProjectConfigurationPlatforms) = postSolution
		{522FE451-9061-4EDA-AA7A-D4C424342D30}.Debug|Any CPU.ActiveCfg = Debug|Any CPU
		{522FE451-9061-4EDA-AA7A-D4C424342D30}.Debug|Any CPU.Build.0 = Debug|Any CPU
		{522FE451-9061-4EDA-AA7A-D4C424342D30}.Release|Any CPU.ActiveCfg = Release|Any CPU
		{522FE451-9061-4EDA-AA7A-D4C424342D30}.Release|Any CPU.Build.0 = Release|Any CPU
		{64A34675-0D20-47E0-B7CA-158EE741EB8B}.Debug|Any CPU.ActiveCfg = Debug|Any CPU
		{64A34675-0D20-47E0-B7CA-158EE741EB8B}.Debug|Any CPU.Build.0 = Debug|Any CPU
		{64A34675-0D20-47E0-B7CA-158EE741EB8B}.Release|Any CPU.ActiveCfg = Release|Any CPU
		{64A34675-0D20-47E0-B7CA-158EE741EB8B}.Release|Any CPU.Build.0 = Release|Any CPU
	EndGlobalSection
	GlobalSection(SolutionProperties) = preSolution
		HideSolutionNode = FALSE
	EndGlobalSection
	GlobalSection(NestedProjects) = preSolution
		{522FE451-9061-4EDA-AA7A-D4C424342D30} = {8EE70B47-8749-4040-8A51-8733C713C588}
		{A9C7AB73-6B2E-4BB3-AB03-349695011068} = {8575811A-9F44-4974-B39D-DA848729B77E}
		{92947F5D-8BF2-4F00-8C21-01A6F0C74EEF} = {8575811A-9F44-4974-B39D-DA848729B77E}
		{64A34675-0D20-47E0-B7CA-158EE741EB8B} = {8EE70B47-8749-4040-8A51-8733C713C588}
	EndGlobalSection
	GlobalSection(ExtensibilityGlobals) = postSolution
		SolutionGuid = {31C0B654-F611-4FA4-AD53-348F9B5EB0C3}
	EndGlobalSection
	GlobalSection(SharedMSBuildProjectFiles) = preSolution
		samples\Latte.Wpf.Sample.Shared\Latte.Wpf.Sample.Shared.projitems*{522fe451-9061-4eda-aa7a-d4c424342d30}*SharedItemsImports = 5
		src\Latte.Wpf.Shared\Latte.Wpf.Shared.projitems*{64a34675-0d20-47e0-b7ca-158ee741eb8b}*SharedItemsImports = 5
		src\Latte.Wpf.Shared\Latte.Wpf.Shared.projitems*{92947f5d-8bf2-4f00-8c21-01a6f0c74eef}*SharedItemsImports = 13
		samples\Latte.Wpf.Sample.Shared\Latte.Wpf.Sample.Shared.projitems*{a9c7ab73-6b2e-4bb3-ab03-349695011068}*SharedItemsImports = 13
	EndGlobalSection
EndGlobal
