
Microsoft Visual Studio Solution File, Format Version 12.00
# Visual Studio Version 17
VisualStudioVersion = 17.2.32427.441
MinimumVisualStudioVersion = 10.0.40219.1
Project("{9A19103F-16F7-4668-BE54-9A1E7A4F7556}") = "Lungo.Wpf", "src\Lungo.Wpf\Lungo.Wpf.csproj", "{B6521703-2DB9-4625-8E3C-2EAA84866420}"
EndProject
Project("{D954291E-2A0B-460D-934E-DC6B0785DB48}") = "Lungo.Shared", "src\Lungo.Shared\Lungo.Shared.shproj", "{64500ACE-783C-4515-97F5-B162A3A9FCE0}"
EndProject
Project("{9A19103F-16F7-4668-BE54-9A1E7A4F7556}") = "Lungo.WinUI", "src\Lungo.WinUI\Lungo.WinUI.csproj", "{E09B0A1A-1D9C-4737-AEFE-6A8F33B1DC38}"
EndProject
Project("{9A19103F-16F7-4668-BE54-9A1E7A4F7556}") = "Lungo.Uno.WinUI", "src\Lungo.Uno.WinUI\Lungo.Uno.WinUI.csproj", "{B9C67C5B-D74D-4598-A281-4162D1CD55D8}"
EndProject
Project("{FAE04EC0-301F-11D3-BF4B-00C04F79EFBC}") = "Lungo.UWP", "src\Lungo.UWP\Lungo.UWP.csproj", "{D5FD0448-3CB1-4010-BAE2-8FE03005FE52}"
EndProject
Global
	GlobalSection(SolutionConfigurationPlatforms) = preSolution
		Debug|Any CPU = Debug|Any CPU
		Debug|ARM = Debug|ARM
		Debug|ARM64 = Debug|ARM64
		Debug|x64 = Debug|x64
		Debug|x86 = Debug|x86
		Release|Any CPU = Release|Any CPU
		Release|ARM = Release|ARM
		Release|ARM64 = Release|ARM64
		Release|x64 = Release|x64
		Release|x86 = Release|x86
	EndGlobalSection
	GlobalSection(ProjectConfigurationPlatforms) = postSolution
		{B6521703-2DB9-4625-8E3C-2EAA84866420}.Debug|Any CPU.ActiveCfg = Debug|Any CPU
		{B6521703-2DB9-4625-8E3C-2EAA84866420}.Debug|Any CPU.Build.0 = Debug|Any CPU
		{B6521703-2DB9-4625-8E3C-2EAA84866420}.Debug|ARM.ActiveCfg = Debug|Any CPU
		{B6521703-2DB9-4625-8E3C-2EAA84866420}.Debug|ARM.Build.0 = Debug|Any CPU
		{B6521703-2DB9-4625-8E3C-2EAA84866420}.Debug|ARM64.ActiveCfg = Debug|Any CPU
		{B6521703-2DB9-4625-8E3C-2EAA84866420}.Debug|ARM64.Build.0 = Debug|Any CPU
		{B6521703-2DB9-4625-8E3C-2EAA84866420}.Debug|x64.ActiveCfg = Debug|Any CPU
		{B6521703-2DB9-4625-8E3C-2EAA84866420}.Debug|x64.Build.0 = Debug|Any CPU
		{B6521703-2DB9-4625-8E3C-2EAA84866420}.Debug|x86.ActiveCfg = Debug|Any CPU
		{B6521703-2DB9-4625-8E3C-2EAA84866420}.Debug|x86.Build.0 = Debug|Any CPU
		{B6521703-2DB9-4625-8E3C-2EAA84866420}.Release|Any CPU.ActiveCfg = Release|Any CPU
		{B6521703-2DB9-4625-8E3C-2EAA84866420}.Release|Any CPU.Build.0 = Release|Any CPU
		{B6521703-2DB9-4625-8E3C-2EAA84866420}.Release|ARM.ActiveCfg = Release|Any CPU
		{B6521703-2DB9-4625-8E3C-2EAA84866420}.Release|ARM.Build.0 = Release|Any CPU
		{B6521703-2DB9-4625-8E3C-2EAA84866420}.Release|ARM64.ActiveCfg = Release|Any CPU
		{B6521703-2DB9-4625-8E3C-2EAA84866420}.Release|ARM64.Build.0 = Release|Any CPU
		{B6521703-2DB9-4625-8E3C-2EAA84866420}.Release|x64.ActiveCfg = Release|Any CPU
		{B6521703-2DB9-4625-8E3C-2EAA84866420}.Release|x64.Build.0 = Release|Any CPU
		{B6521703-2DB9-4625-8E3C-2EAA84866420}.Release|x86.ActiveCfg = Release|Any CPU
		{B6521703-2DB9-4625-8E3C-2EAA84866420}.Release|x86.Build.0 = Release|Any CPU
		{E09B0A1A-1D9C-4737-AEFE-6A8F33B1DC38}.Debug|Any CPU.ActiveCfg = Debug|Any CPU
		{E09B0A1A-1D9C-4737-AEFE-6A8F33B1DC38}.Debug|Any CPU.Build.0 = Debug|Any CPU
		{E09B0A1A-1D9C-4737-AEFE-6A8F33B1DC38}.Debug|ARM.ActiveCfg = Debug|Any CPU
		{E09B0A1A-1D9C-4737-AEFE-6A8F33B1DC38}.Debug|ARM.Build.0 = Debug|Any CPU
		{E09B0A1A-1D9C-4737-AEFE-6A8F33B1DC38}.Debug|ARM64.ActiveCfg = Debug|Any CPU
		{E09B0A1A-1D9C-4737-AEFE-6A8F33B1DC38}.Debug|ARM64.Build.0 = Debug|Any CPU
		{E09B0A1A-1D9C-4737-AEFE-6A8F33B1DC38}.Debug|x64.ActiveCfg = Debug|Any CPU
		{E09B0A1A-1D9C-4737-AEFE-6A8F33B1DC38}.Debug|x64.Build.0 = Debug|Any CPU
		{E09B0A1A-1D9C-4737-AEFE-6A8F33B1DC38}.Debug|x86.ActiveCfg = Debug|Any CPU
		{E09B0A1A-1D9C-4737-AEFE-6A8F33B1DC38}.Debug|x86.Build.0 = Debug|Any CPU
		{E09B0A1A-1D9C-4737-AEFE-6A8F33B1DC38}.Release|Any CPU.ActiveCfg = Release|Any CPU
		{E09B0A1A-1D9C-4737-AEFE-6A8F33B1DC38}.Release|Any CPU.Build.0 = Release|Any CPU
		{E09B0A1A-1D9C-4737-AEFE-6A8F33B1DC38}.Release|ARM.ActiveCfg = Release|Any CPU
		{E09B0A1A-1D9C-4737-AEFE-6A8F33B1DC38}.Release|ARM.Build.0 = Release|Any CPU
		{E09B0A1A-1D9C-4737-AEFE-6A8F33B1DC38}.Release|ARM64.ActiveCfg = Release|Any CPU
		{E09B0A1A-1D9C-4737-AEFE-6A8F33B1DC38}.Release|ARM64.Build.0 = Release|Any CPU
		{E09B0A1A-1D9C-4737-AEFE-6A8F33B1DC38}.Release|x64.ActiveCfg = Release|Any CPU
		{E09B0A1A-1D9C-4737-AEFE-6A8F33B1DC38}.Release|x64.Build.0 = Release|Any CPU
		{E09B0A1A-1D9C-4737-AEFE-6A8F33B1DC38}.Release|x86.ActiveCfg = Release|Any CPU
		{E09B0A1A-1D9C-4737-AEFE-6A8F33B1DC38}.Release|x86.Build.0 = Release|Any CPU
		{B9C67C5B-D74D-4598-A281-4162D1CD55D8}.Debug|Any CPU.ActiveCfg = Debug|Any CPU
		{B9C67C5B-D74D-4598-A281-4162D1CD55D8}.Debug|Any CPU.Build.0 = Debug|Any CPU
		{B9C67C5B-D74D-4598-A281-4162D1CD55D8}.Debug|ARM.ActiveCfg = Debug|Any CPU
		{B9C67C5B-D74D-4598-A281-4162D1CD55D8}.Debug|ARM.Build.0 = Debug|Any CPU
		{B9C67C5B-D74D-4598-A281-4162D1CD55D8}.Debug|ARM64.ActiveCfg = Debug|Any CPU
		{B9C67C5B-D74D-4598-A281-4162D1CD55D8}.Debug|ARM64.Build.0 = Debug|Any CPU
		{B9C67C5B-D74D-4598-A281-4162D1CD55D8}.Debug|x64.ActiveCfg = Debug|Any CPU
		{B9C67C5B-D74D-4598-A281-4162D1CD55D8}.Debug|x64.Build.0 = Debug|Any CPU
		{B9C67C5B-D74D-4598-A281-4162D1CD55D8}.Debug|x86.ActiveCfg = Debug|Any CPU
		{B9C67C5B-D74D-4598-A281-4162D1CD55D8}.Debug|x86.Build.0 = Debug|Any CPU
		{B9C67C5B-D74D-4598-A281-4162D1CD55D8}.Release|Any CPU.ActiveCfg = Release|Any CPU
		{B9C67C5B-D74D-4598-A281-4162D1CD55D8}.Release|Any CPU.Build.0 = Release|Any CPU
		{B9C67C5B-D74D-4598-A281-4162D1CD55D8}.Release|ARM.ActiveCfg = Release|Any CPU
		{B9C67C5B-D74D-4598-A281-4162D1CD55D8}.Release|ARM.Build.0 = Release|Any CPU
		{B9C67C5B-D74D-4598-A281-4162D1CD55D8}.Release|ARM64.ActiveCfg = Release|Any CPU
		{B9C67C5B-D74D-4598-A281-4162D1CD55D8}.Release|ARM64.Build.0 = Release|Any CPU
		{B9C67C5B-D74D-4598-A281-4162D1CD55D8}.Release|x64.ActiveCfg = Release|Any CPU
		{B9C67C5B-D74D-4598-A281-4162D1CD55D8}.Release|x64.Build.0 = Release|Any CPU
		{B9C67C5B-D74D-4598-A281-4162D1CD55D8}.Release|x86.ActiveCfg = Release|Any CPU
		{B9C67C5B-D74D-4598-A281-4162D1CD55D8}.Release|x86.Build.0 = Release|Any CPU
		{D5FD0448-3CB1-4010-BAE2-8FE03005FE52}.Debug|Any CPU.ActiveCfg = Debug|Any CPU
		{D5FD0448-3CB1-4010-BAE2-8FE03005FE52}.Debug|Any CPU.Build.0 = Debug|Any CPU
		{D5FD0448-3CB1-4010-BAE2-8FE03005FE52}.Debug|ARM.ActiveCfg = Debug|ARM
		{D5FD0448-3CB1-4010-BAE2-8FE03005FE52}.Debug|ARM.Build.0 = Debug|ARM
		{D5FD0448-3CB1-4010-BAE2-8FE03005FE52}.Debug|ARM64.ActiveCfg = Debug|ARM64
		{D5FD0448-3CB1-4010-BAE2-8FE03005FE52}.Debug|ARM64.Build.0 = Debug|ARM64
		{D5FD0448-3CB1-4010-BAE2-8FE03005FE52}.Debug|x64.ActiveCfg = Debug|x64
		{D5FD0448-3CB1-4010-BAE2-8FE03005FE52}.Debug|x64.Build.0 = Debug|x64
		{D5FD0448-3CB1-4010-BAE2-8FE03005FE52}.Debug|x86.ActiveCfg = Debug|x86
		{D5FD0448-3CB1-4010-BAE2-8FE03005FE52}.Debug|x86.Build.0 = Debug|x86
		{D5FD0448-3CB1-4010-BAE2-8FE03005FE52}.Release|Any CPU.ActiveCfg = Release|Any CPU
		{D5FD0448-3CB1-4010-BAE2-8FE03005FE52}.Release|Any CPU.Build.0 = Release|Any CPU
		{D5FD0448-3CB1-4010-BAE2-8FE03005FE52}.Release|ARM.ActiveCfg = Release|ARM
		{D5FD0448-3CB1-4010-BAE2-8FE03005FE52}.Release|ARM.Build.0 = Release|ARM
		{D5FD0448-3CB1-4010-BAE2-8FE03005FE52}.Release|ARM64.ActiveCfg = Release|ARM64
		{D5FD0448-3CB1-4010-BAE2-8FE03005FE52}.Release|ARM64.Build.0 = Release|ARM64
		{D5FD0448-3CB1-4010-BAE2-8FE03005FE52}.Release|x64.ActiveCfg = Release|x64
		{D5FD0448-3CB1-4010-BAE2-8FE03005FE52}.Release|x64.Build.0 = Release|x64
		{D5FD0448-3CB1-4010-BAE2-8FE03005FE52}.Release|x86.ActiveCfg = Release|x86
		{D5FD0448-3CB1-4010-BAE2-8FE03005FE52}.Release|x86.Build.0 = Release|x86
	EndGlobalSection
	GlobalSection(SolutionProperties) = preSolution
		HideSolutionNode = FALSE
	EndGlobalSection
	GlobalSection(ExtensibilityGlobals) = postSolution
		SolutionGuid = {31C0B654-F611-4FA4-AD53-348F9B5EB0C3}
	EndGlobalSection
	GlobalSection(SharedMSBuildProjectFiles) = preSolution
		src\Lungo.Shared\Lungo.Shared.projitems*{64500ace-783c-4515-97f5-b162a3a9fce0}*SharedItemsImports = 13
		src\Lungo.Shared\Lungo.Shared.projitems*{b6521703-2db9-4625-8e3c-2eaa84866420}*SharedItemsImports = 5
		src\Lungo.Shared\Lungo.Shared.projitems*{b9c67c5b-d74d-4598-a281-4162d1cd55d8}*SharedItemsImports = 5
		src\Lungo.Shared\Lungo.Shared.projitems*{d5fd0448-3cb1-4010-bae2-8fe03005fe52}*SharedItemsImports = 4
		src\Lungo.Shared\Lungo.Shared.projitems*{e09b0a1a-1d9c-4737-aefe-6a8f33b1dc38}*SharedItemsImports = 5
	EndGlobalSection
EndGlobal
