
Microsoft Visual Studio Solution File, Format Version 12.00
# Visual Studio Version 17
VisualStudioVersion = 17.2.32427.441
MinimumVisualStudioVersion = 10.0.40219.1
Project("{9A19103F-16F7-4668-BE54-9A1E7A4F7556}") = "Lungo.Wpf", "src\Lungo.Wpf\Lungo.Wpf.csproj", "{B6521703-2DB9-4625-8E3C-2EAA84866420}"
EndProject
Project("{D954291E-2A0B-460D-934E-DC6B0785DB48}") = "Lungo.Shared", "src\Lungo.Shared\Lungo.Shared.shproj", "{64500ACE-783C-4515-97F5-B162A3A9FCE0}"
EndProject
Global
	GlobalSection(SolutionConfigurationPlatforms) = preSolution
		Debug|Any CPU = Debug|Any CPU
		Release|Any CPU = Release|Any CPU
	EndGlobalSection
	GlobalSection(ProjectConfigurationPlatforms) = postSolution
		{B6521703-2DB9-4625-8E3C-2EAA84866420}.Debug|Any CPU.ActiveCfg = Debug|Any CPU
		{B6521703-2DB9-4625-8E3C-2EAA84866420}.Debug|Any CPU.Build.0 = Debug|Any CPU
		{B6521703-2DB9-4625-8E3C-2EAA84866420}.Release|Any CPU.ActiveCfg = Release|Any CPU
		{B6521703-2DB9-4625-8E3C-2EAA84866420}.Release|Any CPU.Build.0 = Release|Any CPU
	EndGlobalSection
	GlobalSection(SolutionProperties) = preSolution
		HideSolutionNode = FALSE
	EndGlobalSection
	GlobalSection(ExtensibilityGlobals) = postSolution
		SolutionGuid = {31C0B654-F611-4FA4-AD53-348F9B5EB0C3}
	EndGlobalSection
	GlobalSection(SharedMSBuildProjectFiles) = preSolution
		src\Lungo.Shared\Lungo.Shared.projitems*{64500ace-783c-4515-97f5-b162a3a9fce0}*SharedItemsImports = 13
		src\Lungo.Shared\Lungo.Shared.projitems*{b6521703-2db9-4625-8e3c-2eaa84866420}*SharedItemsImports = 5
	EndGlobalSection
EndGlobal
